
Microsoft Visual Studio Solution File, Format Version 12.00
# Visual Studio Version 17
VisualStudioVersion = 17.5.33627.172
MinimumVisualStudioVersion = 10.0.40219.1
Project("{FAE04EC0-301F-11D3-BF4B-00C04F79EFBC}") = "keksoklikernovo", "keksoklikernovo.csproj", "{F6A2E350-89CA-4585-B881-2A761D846FE6}"
EndProject
Global
	GlobalSection(SolutionConfigurationPlatforms) = preSolution
		Debug|Any CPU = Debug|Any CPU
		Release|Any CPU = Release|Any CPU
	EndGlobalSection
	GlobalSection(ProjectConfigurationPlatforms) = postSolution
		{F6A2E350-89CA-4585-B881-2A761D846FE6}.Debug|Any CPU.ActiveCfg = Debug|Any CPU
		{F6A2E350-89CA-4585-B881-2A761D846FE6}.Debug|Any CPU.Build.0 = Debug|Any CPU
		{F6A2E350-89CA-4585-B881-2A761D846FE6}.Release|Any CPU.ActiveCfg = Release|Any CPU
		{F6A2E350-89CA-4585-B881-2A761D846FE6}.Release|Any CPU.Build.0 = Release|Any CPU
	EndGlobalSection
	GlobalSection(SolutionProperties) = preSolution
		HideSolutionNode = FALSE
	EndGlobalSection
	GlobalSection(ExtensibilityGlobals) = postSolution
		SolutionGuid = {6E837A72-9D3D-4D7D-97D2-016343A29E51}
	EndGlobalSection
EndGlobal
